
Microsoft Visual Studio Solution File, Format Version 12.00
# Visual Studio 14
VisualStudioVersion = 14.0.25420.1
MinimumVisualStudioVersion = 10.0.40219.1
Project("{8BB2217D-0F2D-49D1-97BC-3654ED321F3B}") = "MinistryMate.Web", "MinistryMate.Web\MinistryMate.Web.xproj", "{5AE18CD6-2760-403A-BFF6-5F0E315E6EAB}"
EndProject
Project("{FAE04EC0-301F-11D3-BF4B-00C04F79EFBC}") = "MinistryMate.Droid", "MinistryMate\MinistryMate.Droid\MinistryMate.Droid.csproj", "{2AFA27FC-F193-4E58-8448-649FBF5A878A}"
EndProject
Project("{FAE04EC0-301F-11D3-BF4B-00C04F79EFBC}") = "MinistryMate.iOS", "MinistryMate\MinistryMate.iOS\MinistryMate.iOS.csproj", "{180A25BC-D31B-489F-A563-C24E479D4BC3}"
EndProject
Project("{FAE04EC0-301F-11D3-BF4B-00C04F79EFBC}") = "MinistryMate.WinPhone", "MinistryMate\MinistryMate.WinPhone\MinistryMate.WinPhone.csproj", "{3313E71A-C9AF-4A3F-8603-17B5AEAD213D}"
EndProject
Project("{FAE04EC0-301F-11D3-BF4B-00C04F79EFBC}") = "MinistryMate.Windows", "MinistryMate\MinistryMate.Windows\MinistryMate.Windows.csproj", "{D071F572-536D-4C3A-BA07-BDEBFBF9C501}"
EndProject
Project("{D954291E-2A0B-460D-934E-DC6B0785DB48}") = "MinistryMate", "MinistryMate\MinistryMate\MinistryMate.shproj", "{EFAC42A8-BC29-4DF8-B57E-B7BADC8F5CD6}"
EndProject
Project("{FAE04EC0-301F-11D3-BF4B-00C04F79EFBC}") = "MinistryMate.Core", "MinistryMate.Core\MinistryMate.Core.csproj", "{67F9D3A8-F71E-4428-913F-C37AE82CDB24}"
EndProject
Global
	GlobalSection(SharedMSBuildProjectFiles) = preSolution
		MinistryMate\MinistryMate\MinistryMate.projitems*{180a25bc-d31b-489f-a563-c24e479d4bc3}*SharedItemsImports = 4
		MinistryMate\MinistryMate\MinistryMate.projitems*{2afa27fc-f193-4e58-8448-649fbf5a878a}*SharedItemsImports = 4
		MinistryMate\MinistryMate\MinistryMate.projitems*{3313e71a-c9af-4a3f-8603-17b5aead213d}*SharedItemsImports = 4
		MinistryMate\MinistryMate\MinistryMate.projitems*{d071f572-536d-4c3a-ba07-bdebfbf9c501}*SharedItemsImports = 4
		MinistryMate\MinistryMate\MinistryMate.projitems*{efac42a8-bc29-4df8-b57e-b7badc8f5cd6}*SharedItemsImports = 13
	EndGlobalSection
	GlobalSection(SolutionConfigurationPlatforms) = preSolution
		Ad-Hoc|Any CPU = Ad-Hoc|Any CPU
		Ad-Hoc|ARM = Ad-Hoc|ARM
		Ad-Hoc|iPhone = Ad-Hoc|iPhone
		Ad-Hoc|iPhoneSimulator = Ad-Hoc|iPhoneSimulator
		Ad-Hoc|x64 = Ad-Hoc|x64
		Ad-Hoc|x86 = Ad-Hoc|x86
		AppStore|Any CPU = AppStore|Any CPU
		AppStore|ARM = AppStore|ARM
		AppStore|iPhone = AppStore|iPhone
		AppStore|iPhoneSimulator = AppStore|iPhoneSimulator
		AppStore|x64 = AppStore|x64
		AppStore|x86 = AppStore|x86
		Debug|Any CPU = Debug|Any CPU
		Debug|ARM = Debug|ARM
		Debug|iPhone = Debug|iPhone
		Debug|iPhoneSimulator = Debug|iPhoneSimulator
		Debug|x64 = Debug|x64
		Debug|x86 = Debug|x86
		Release|Any CPU = Release|Any CPU
		Release|ARM = Release|ARM
		Release|iPhone = Release|iPhone
		Release|iPhoneSimulator = Release|iPhoneSimulator
		Release|x64 = Release|x64
		Release|x86 = Release|x86
	EndGlobalSection
	GlobalSection(ProjectConfigurationPlatforms) = postSolution
		{5AE18CD6-2760-403A-BFF6-5F0E315E6EAB}.Ad-Hoc|Any CPU.ActiveCfg = Release|Any CPU
		{5AE18CD6-2760-403A-BFF6-5F0E315E6EAB}.Ad-Hoc|Any CPU.Build.0 = Release|Any CPU
		{5AE18CD6-2760-403A-BFF6-5F0E315E6EAB}.Ad-Hoc|ARM.ActiveCfg = Release|Any CPU
		{5AE18CD6-2760-403A-BFF6-5F0E315E6EAB}.Ad-Hoc|ARM.Build.0 = Release|Any CPU
		{5AE18CD6-2760-403A-BFF6-5F0E315E6EAB}.Ad-Hoc|iPhone.ActiveCfg = Release|Any CPU
		{5AE18CD6-2760-403A-BFF6-5F0E315E6EAB}.Ad-Hoc|iPhone.Build.0 = Release|Any CPU
		{5AE18CD6-2760-403A-BFF6-5F0E315E6EAB}.Ad-Hoc|iPhoneSimulator.ActiveCfg = Release|Any CPU
		{5AE18CD6-2760-403A-BFF6-5F0E315E6EAB}.Ad-Hoc|iPhoneSimulator.Build.0 = Release|Any CPU
		{5AE18CD6-2760-403A-BFF6-5F0E315E6EAB}.Ad-Hoc|x64.ActiveCfg = Release|Any CPU
		{5AE18CD6-2760-403A-BFF6-5F0E315E6EAB}.Ad-Hoc|x64.Build.0 = Release|Any CPU
		{5AE18CD6-2760-403A-BFF6-5F0E315E6EAB}.Ad-Hoc|x86.ActiveCfg = Release|Any CPU
		{5AE18CD6-2760-403A-BFF6-5F0E315E6EAB}.Ad-Hoc|x86.Build.0 = Release|Any CPU
		{5AE18CD6-2760-403A-BFF6-5F0E315E6EAB}.AppStore|Any CPU.ActiveCfg = Release|Any CPU
		{5AE18CD6-2760-403A-BFF6-5F0E315E6EAB}.AppStore|Any CPU.Build.0 = Release|Any CPU
		{5AE18CD6-2760-403A-BFF6-5F0E315E6EAB}.AppStore|ARM.ActiveCfg = Release|Any CPU
		{5AE18CD6-2760-403A-BFF6-5F0E315E6EAB}.AppStore|ARM.Build.0 = Release|Any CPU
		{5AE18CD6-2760-403A-BFF6-5F0E315E6EAB}.AppStore|iPhone.ActiveCfg = Release|Any CPU
		{5AE18CD6-2760-403A-BFF6-5F0E315E6EAB}.AppStore|iPhone.Build.0 = Release|Any CPU
		{5AE18CD6-2760-403A-BFF6-5F0E315E6EAB}.AppStore|iPhoneSimulator.ActiveCfg = Release|Any CPU
		{5AE18CD6-2760-403A-BFF6-5F0E315E6EAB}.AppStore|iPhoneSimulator.Build.0 = Release|Any CPU
		{5AE18CD6-2760-403A-BFF6-5F0E315E6EAB}.AppStore|x64.ActiveCfg = Release|Any CPU
		{5AE18CD6-2760-403A-BFF6-5F0E315E6EAB}.AppStore|x64.Build.0 = Release|Any CPU
		{5AE18CD6-2760-403A-BFF6-5F0E315E6EAB}.AppStore|x86.ActiveCfg = Release|Any CPU
		{5AE18CD6-2760-403A-BFF6-5F0E315E6EAB}.AppStore|x86.Build.0 = Release|Any CPU
		{5AE18CD6-2760-403A-BFF6-5F0E315E6EAB}.Debug|Any CPU.ActiveCfg = Debug|Any CPU
		{5AE18CD6-2760-403A-BFF6-5F0E315E6EAB}.Debug|Any CPU.Build.0 = Debug|Any CPU
		{5AE18CD6-2760-403A-BFF6-5F0E315E6EAB}.Debug|ARM.ActiveCfg = Debug|Any CPU
		{5AE18CD6-2760-403A-BFF6-5F0E315E6EAB}.Debug|ARM.Build.0 = Debug|Any CPU
		{5AE18CD6-2760-403A-BFF6-5F0E315E6EAB}.Debug|iPhone.ActiveCfg = Debug|Any CPU
		{5AE18CD6-2760-403A-BFF6-5F0E315E6EAB}.Debug|iPhone.Build.0 = Debug|Any CPU
		{5AE18CD6-2760-403A-BFF6-5F0E315E6EAB}.Debug|iPhoneSimulator.ActiveCfg = Debug|Any CPU
		{5AE18CD6-2760-403A-BFF6-5F0E315E6EAB}.Debug|iPhoneSimulator.Build.0 = Debug|Any CPU
		{5AE18CD6-2760-403A-BFF6-5F0E315E6EAB}.Debug|x64.ActiveCfg = Debug|Any CPU
		{5AE18CD6-2760-403A-BFF6-5F0E315E6EAB}.Debug|x64.Build.0 = Debug|Any CPU
		{5AE18CD6-2760-403A-BFF6-5F0E315E6EAB}.Debug|x86.ActiveCfg = Debug|Any CPU
		{5AE18CD6-2760-403A-BFF6-5F0E315E6EAB}.Debug|x86.Build.0 = Debug|Any CPU
		{5AE18CD6-2760-403A-BFF6-5F0E315E6EAB}.Release|Any CPU.ActiveCfg = Release|Any CPU
		{5AE18CD6-2760-403A-BFF6-5F0E315E6EAB}.Release|Any CPU.Build.0 = Release|Any CPU
		{5AE18CD6-2760-403A-BFF6-5F0E315E6EAB}.Release|ARM.ActiveCfg = Release|Any CPU
		{5AE18CD6-2760-403A-BFF6-5F0E315E6EAB}.Release|ARM.Build.0 = Release|Any CPU
		{5AE18CD6-2760-403A-BFF6-5F0E315E6EAB}.Release|iPhone.ActiveCfg = Release|Any CPU
		{5AE18CD6-2760-403A-BFF6-5F0E315E6EAB}.Release|iPhone.Build.0 = Release|Any CPU
		{5AE18CD6-2760-403A-BFF6-5F0E315E6EAB}.Release|iPhoneSimulator.ActiveCfg = Release|Any CPU
		{5AE18CD6-2760-403A-BFF6-5F0E315E6EAB}.Release|iPhoneSimulator.Build.0 = Release|Any CPU
		{5AE18CD6-2760-403A-BFF6-5F0E315E6EAB}.Release|x64.ActiveCfg = Release|Any CPU
		{5AE18CD6-2760-403A-BFF6-5F0E315E6EAB}.Release|x64.Build.0 = Release|Any CPU
		{5AE18CD6-2760-403A-BFF6-5F0E315E6EAB}.Release|x86.ActiveCfg = Release|Any CPU
		{5AE18CD6-2760-403A-BFF6-5F0E315E6EAB}.Release|x86.Build.0 = Release|Any CPU
		{2AFA27FC-F193-4E58-8448-649FBF5A878A}.Ad-Hoc|Any CPU.ActiveCfg = Release|Any CPU
		{2AFA27FC-F193-4E58-8448-649FBF5A878A}.Ad-Hoc|Any CPU.Build.0 = Release|Any CPU
		{2AFA27FC-F193-4E58-8448-649FBF5A878A}.Ad-Hoc|Any CPU.Deploy.0 = Release|Any CPU
		{2AFA27FC-F193-4E58-8448-649FBF5A878A}.Ad-Hoc|ARM.ActiveCfg = Release|Any CPU
		{2AFA27FC-F193-4E58-8448-649FBF5A878A}.Ad-Hoc|ARM.Build.0 = Release|Any CPU
		{2AFA27FC-F193-4E58-8448-649FBF5A878A}.Ad-Hoc|ARM.Deploy.0 = Release|Any CPU
		{2AFA27FC-F193-4E58-8448-649FBF5A878A}.Ad-Hoc|iPhone.ActiveCfg = Release|Any CPU
		{2AFA27FC-F193-4E58-8448-649FBF5A878A}.Ad-Hoc|iPhone.Build.0 = Release|Any CPU
		{2AFA27FC-F193-4E58-8448-649FBF5A878A}.Ad-Hoc|iPhone.Deploy.0 = Release|Any CPU
		{2AFA27FC-F193-4E58-8448-649FBF5A878A}.Ad-Hoc|iPhoneSimulator.ActiveCfg = Release|Any CPU
		{2AFA27FC-F193-4E58-8448-649FBF5A878A}.Ad-Hoc|iPhoneSimulator.Build.0 = Release|Any CPU
		{2AFA27FC-F193-4E58-8448-649FBF5A878A}.Ad-Hoc|iPhoneSimulator.Deploy.0 = Release|Any CPU
		{2AFA27FC-F193-4E58-8448-649FBF5A878A}.Ad-Hoc|x64.ActiveCfg = Release|Any CPU
		{2AFA27FC-F193-4E58-8448-649FBF5A878A}.Ad-Hoc|x64.Build.0 = Release|Any CPU
		{2AFA27FC-F193-4E58-8448-649FBF5A878A}.Ad-Hoc|x64.Deploy.0 = Release|Any CPU
		{2AFA27FC-F193-4E58-8448-649FBF5A878A}.Ad-Hoc|x86.ActiveCfg = Release|Any CPU
		{2AFA27FC-F193-4E58-8448-649FBF5A878A}.Ad-Hoc|x86.Build.0 = Release|Any CPU
		{2AFA27FC-F193-4E58-8448-649FBF5A878A}.Ad-Hoc|x86.Deploy.0 = Release|Any CPU
		{2AFA27FC-F193-4E58-8448-649FBF5A878A}.AppStore|Any CPU.ActiveCfg = Release|Any CPU
		{2AFA27FC-F193-4E58-8448-649FBF5A878A}.AppStore|Any CPU.Build.0 = Release|Any CPU
		{2AFA27FC-F193-4E58-8448-649FBF5A878A}.AppStore|Any CPU.Deploy.0 = Release|Any CPU
		{2AFA27FC-F193-4E58-8448-649FBF5A878A}.AppStore|ARM.ActiveCfg = Release|Any CPU
		{2AFA27FC-F193-4E58-8448-649FBF5A878A}.AppStore|ARM.Build.0 = Release|Any CPU
		{2AFA27FC-F193-4E58-8448-649FBF5A878A}.AppStore|ARM.Deploy.0 = Release|Any CPU
		{2AFA27FC-F193-4E58-8448-649FBF5A878A}.AppStore|iPhone.ActiveCfg = Release|Any CPU
		{2AFA27FC-F193-4E58-8448-649FBF5A878A}.AppStore|iPhone.Build.0 = Release|Any CPU
		{2AFA27FC-F193-4E58-8448-649FBF5A878A}.AppStore|iPhone.Deploy.0 = Release|Any CPU
		{2AFA27FC-F193-4E58-8448-649FBF5A878A}.AppStore|iPhoneSimulator.ActiveCfg = Release|Any CPU
		{2AFA27FC-F193-4E58-8448-649FBF5A878A}.AppStore|iPhoneSimulator.Build.0 = Release|Any CPU
		{2AFA27FC-F193-4E58-8448-649FBF5A878A}.AppStore|iPhoneSimulator.Deploy.0 = Release|Any CPU
		{2AFA27FC-F193-4E58-8448-649FBF5A878A}.AppStore|x64.ActiveCfg = Release|Any CPU
		{2AFA27FC-F193-4E58-8448-649FBF5A878A}.AppStore|x64.Build.0 = Release|Any CPU
		{2AFA27FC-F193-4E58-8448-649FBF5A878A}.AppStore|x64.Deploy.0 = Release|Any CPU
		{2AFA27FC-F193-4E58-8448-649FBF5A878A}.AppStore|x86.ActiveCfg = Release|Any CPU
		{2AFA27FC-F193-4E58-8448-649FBF5A878A}.AppStore|x86.Build.0 = Release|Any CPU
		{2AFA27FC-F193-4E58-8448-649FBF5A878A}.AppStore|x86.Deploy.0 = Release|Any CPU
		{2AFA27FC-F193-4E58-8448-649FBF5A878A}.Debug|Any CPU.ActiveCfg = Debug|Any CPU
		{2AFA27FC-F193-4E58-8448-649FBF5A878A}.Debug|Any CPU.Build.0 = Debug|Any CPU
		{2AFA27FC-F193-4E58-8448-649FBF5A878A}.Debug|Any CPU.Deploy.0 = Debug|Any CPU
		{2AFA27FC-F193-4E58-8448-649FBF5A878A}.Debug|ARM.ActiveCfg = Debug|Any CPU
		{2AFA27FC-F193-4E58-8448-649FBF5A878A}.Debug|ARM.Build.0 = Debug|Any CPU
		{2AFA27FC-F193-4E58-8448-649FBF5A878A}.Debug|ARM.Deploy.0 = Debug|Any CPU
		{2AFA27FC-F193-4E58-8448-649FBF5A878A}.Debug|iPhone.ActiveCfg = Debug|Any CPU
		{2AFA27FC-F193-4E58-8448-649FBF5A878A}.Debug|iPhone.Build.0 = Debug|Any CPU
		{2AFA27FC-F193-4E58-8448-649FBF5A878A}.Debug|iPhone.Deploy.0 = Debug|Any CPU
		{2AFA27FC-F193-4E58-8448-649FBF5A878A}.Debug|iPhoneSimulator.ActiveCfg = Debug|Any CPU
		{2AFA27FC-F193-4E58-8448-649FBF5A878A}.Debug|iPhoneSimulator.Build.0 = Debug|Any CPU
		{2AFA27FC-F193-4E58-8448-649FBF5A878A}.Debug|iPhoneSimulator.Deploy.0 = Debug|Any CPU
		{2AFA27FC-F193-4E58-8448-649FBF5A878A}.Debug|x64.ActiveCfg = Debug|Any CPU
		{2AFA27FC-F193-4E58-8448-649FBF5A878A}.Debug|x64.Build.0 = Debug|Any CPU
		{2AFA27FC-F193-4E58-8448-649FBF5A878A}.Debug|x64.Deploy.0 = Debug|Any CPU
		{2AFA27FC-F193-4E58-8448-649FBF5A878A}.Debug|x86.ActiveCfg = Debug|Any CPU
		{2AFA27FC-F193-4E58-8448-649FBF5A878A}.Debug|x86.Build.0 = Debug|Any CPU
		{2AFA27FC-F193-4E58-8448-649FBF5A878A}.Debug|x86.Deploy.0 = Debug|Any CPU
		{2AFA27FC-F193-4E58-8448-649FBF5A878A}.Release|Any CPU.ActiveCfg = Release|Any CPU
		{2AFA27FC-F193-4E58-8448-649FBF5A878A}.Release|Any CPU.Build.0 = Release|Any CPU
		{2AFA27FC-F193-4E58-8448-649FBF5A878A}.Release|Any CPU.Deploy.0 = Release|Any CPU
		{2AFA27FC-F193-4E58-8448-649FBF5A878A}.Release|ARM.ActiveCfg = Release|Any CPU
		{2AFA27FC-F193-4E58-8448-649FBF5A878A}.Release|ARM.Build.0 = Release|Any CPU
		{2AFA27FC-F193-4E58-8448-649FBF5A878A}.Release|ARM.Deploy.0 = Release|Any CPU
		{2AFA27FC-F193-4E58-8448-649FBF5A878A}.Release|iPhone.ActiveCfg = Release|Any CPU
		{2AFA27FC-F193-4E58-8448-649FBF5A878A}.Release|iPhone.Build.0 = Release|Any CPU
		{2AFA27FC-F193-4E58-8448-649FBF5A878A}.Release|iPhone.Deploy.0 = Release|Any CPU
		{2AFA27FC-F193-4E58-8448-649FBF5A878A}.Release|iPhoneSimulator.ActiveCfg = Release|Any CPU
		{2AFA27FC-F193-4E58-8448-649FBF5A878A}.Release|iPhoneSimulator.Build.0 = Release|Any CPU
		{2AFA27FC-F193-4E58-8448-649FBF5A878A}.Release|iPhoneSimulator.Deploy.0 = Release|Any CPU
		{2AFA27FC-F193-4E58-8448-649FBF5A878A}.Release|x64.ActiveCfg = Release|Any CPU
		{2AFA27FC-F193-4E58-8448-649FBF5A878A}.Release|x64.Build.0 = Release|Any CPU
		{2AFA27FC-F193-4E58-8448-649FBF5A878A}.Release|x64.Deploy.0 = Release|Any CPU
		{2AFA27FC-F193-4E58-8448-649FBF5A878A}.Release|x86.ActiveCfg = Release|Any CPU
		{2AFA27FC-F193-4E58-8448-649FBF5A878A}.Release|x86.Build.0 = Release|Any CPU
		{2AFA27FC-F193-4E58-8448-649FBF5A878A}.Release|x86.Deploy.0 = Release|Any CPU
		{180A25BC-D31B-489F-A563-C24E479D4BC3}.Ad-Hoc|Any CPU.ActiveCfg = Ad-Hoc|iPhone
		{180A25BC-D31B-489F-A563-C24E479D4BC3}.Ad-Hoc|ARM.ActiveCfg = Ad-Hoc|iPhone
		{180A25BC-D31B-489F-A563-C24E479D4BC3}.Ad-Hoc|iPhone.ActiveCfg = Ad-Hoc|iPhone
		{180A25BC-D31B-489F-A563-C24E479D4BC3}.Ad-Hoc|iPhone.Build.0 = Ad-Hoc|iPhone
		{180A25BC-D31B-489F-A563-C24E479D4BC3}.Ad-Hoc|iPhoneSimulator.ActiveCfg = Ad-Hoc|iPhoneSimulator
		{180A25BC-D31B-489F-A563-C24E479D4BC3}.Ad-Hoc|iPhoneSimulator.Build.0 = Ad-Hoc|iPhoneSimulator
		{180A25BC-D31B-489F-A563-C24E479D4BC3}.Ad-Hoc|x64.ActiveCfg = Ad-Hoc|iPhone
		{180A25BC-D31B-489F-A563-C24E479D4BC3}.Ad-Hoc|x86.ActiveCfg = Ad-Hoc|iPhone
		{180A25BC-D31B-489F-A563-C24E479D4BC3}.AppStore|Any CPU.ActiveCfg = AppStore|iPhone
		{180A25BC-D31B-489F-A563-C24E479D4BC3}.AppStore|ARM.ActiveCfg = AppStore|iPhone
		{180A25BC-D31B-489F-A563-C24E479D4BC3}.AppStore|iPhone.ActiveCfg = AppStore|iPhone
		{180A25BC-D31B-489F-A563-C24E479D4BC3}.AppStore|iPhone.Build.0 = AppStore|iPhone
		{180A25BC-D31B-489F-A563-C24E479D4BC3}.AppStore|iPhoneSimulator.ActiveCfg = AppStore|iPhoneSimulator
		{180A25BC-D31B-489F-A563-C24E479D4BC3}.AppStore|iPhoneSimulator.Build.0 = AppStore|iPhoneSimulator
		{180A25BC-D31B-489F-A563-C24E479D4BC3}.AppStore|x64.ActiveCfg = AppStore|iPhone
		{180A25BC-D31B-489F-A563-C24E479D4BC3}.AppStore|x86.ActiveCfg = AppStore|iPhone
		{180A25BC-D31B-489F-A563-C24E479D4BC3}.Debug|Any CPU.ActiveCfg = Debug|iPhone
		{180A25BC-D31B-489F-A563-C24E479D4BC3}.Debug|ARM.ActiveCfg = Debug|iPhone
		{180A25BC-D31B-489F-A563-C24E479D4BC3}.Debug|iPhone.ActiveCfg = Debug|iPhone
		{180A25BC-D31B-489F-A563-C24E479D4BC3}.Debug|iPhone.Build.0 = Debug|iPhone
		{180A25BC-D31B-489F-A563-C24E479D4BC3}.Debug|iPhoneSimulator.ActiveCfg = Debug|iPhoneSimulator
		{180A25BC-D31B-489F-A563-C24E479D4BC3}.Debug|iPhoneSimulator.Build.0 = Debug|iPhoneSimulator
		{180A25BC-D31B-489F-A563-C24E479D4BC3}.Debug|x64.ActiveCfg = Debug|iPhone
		{180A25BC-D31B-489F-A563-C24E479D4BC3}.Debug|x86.ActiveCfg = Debug|iPhone
		{180A25BC-D31B-489F-A563-C24E479D4BC3}.Release|Any CPU.ActiveCfg = Release|iPhone
		{180A25BC-D31B-489F-A563-C24E479D4BC3}.Release|ARM.ActiveCfg = Release|iPhone
		{180A25BC-D31B-489F-A563-C24E479D4BC3}.Release|iPhone.ActiveCfg = Release|iPhone
		{180A25BC-D31B-489F-A563-C24E479D4BC3}.Release|iPhone.Build.0 = Release|iPhone
		{180A25BC-D31B-489F-A563-C24E479D4BC3}.Release|iPhoneSimulator.ActiveCfg = Release|iPhoneSimulator
		{180A25BC-D31B-489F-A563-C24E479D4BC3}.Release|iPhoneSimulator.Build.0 = Release|iPhoneSimulator
		{180A25BC-D31B-489F-A563-C24E479D4BC3}.Release|x64.ActiveCfg = Release|iPhone
		{180A25BC-D31B-489F-A563-C24E479D4BC3}.Release|x86.ActiveCfg = Release|iPhone
		{3313E71A-C9AF-4A3F-8603-17B5AEAD213D}.Ad-Hoc|Any CPU.ActiveCfg = Release|Any CPU
		{3313E71A-C9AF-4A3F-8603-17B5AEAD213D}.Ad-Hoc|Any CPU.Build.0 = Release|Any CPU
		{3313E71A-C9AF-4A3F-8603-17B5AEAD213D}.Ad-Hoc|Any CPU.Deploy.0 = Release|Any CPU
		{3313E71A-C9AF-4A3F-8603-17B5AEAD213D}.Ad-Hoc|ARM.ActiveCfg = Release|ARM
		{3313E71A-C9AF-4A3F-8603-17B5AEAD213D}.Ad-Hoc|ARM.Build.0 = Release|ARM
		{3313E71A-C9AF-4A3F-8603-17B5AEAD213D}.Ad-Hoc|ARM.Deploy.0 = Release|ARM
		{3313E71A-C9AF-4A3F-8603-17B5AEAD213D}.Ad-Hoc|iPhone.ActiveCfg = Release|Any CPU
		{3313E71A-C9AF-4A3F-8603-17B5AEAD213D}.Ad-Hoc|iPhone.Build.0 = Release|Any CPU
		{3313E71A-C9AF-4A3F-8603-17B5AEAD213D}.Ad-Hoc|iPhone.Deploy.0 = Release|Any CPU
		{3313E71A-C9AF-4A3F-8603-17B5AEAD213D}.Ad-Hoc|iPhoneSimulator.ActiveCfg = Release|Any CPU
		{3313E71A-C9AF-4A3F-8603-17B5AEAD213D}.Ad-Hoc|iPhoneSimulator.Build.0 = Release|Any CPU
		{3313E71A-C9AF-4A3F-8603-17B5AEAD213D}.Ad-Hoc|iPhoneSimulator.Deploy.0 = Release|Any CPU
		{3313E71A-C9AF-4A3F-8603-17B5AEAD213D}.Ad-Hoc|x64.ActiveCfg = Release|Any CPU
		{3313E71A-C9AF-4A3F-8603-17B5AEAD213D}.Ad-Hoc|x64.Build.0 = Release|Any CPU
		{3313E71A-C9AF-4A3F-8603-17B5AEAD213D}.Ad-Hoc|x64.Deploy.0 = Release|Any CPU
		{3313E71A-C9AF-4A3F-8603-17B5AEAD213D}.Ad-Hoc|x86.ActiveCfg = Release|x86
		{3313E71A-C9AF-4A3F-8603-17B5AEAD213D}.Ad-Hoc|x86.Build.0 = Release|x86
		{3313E71A-C9AF-4A3F-8603-17B5AEAD213D}.Ad-Hoc|x86.Deploy.0 = Release|x86
		{3313E71A-C9AF-4A3F-8603-17B5AEAD213D}.AppStore|Any CPU.ActiveCfg = Release|Any CPU
		{3313E71A-C9AF-4A3F-8603-17B5AEAD213D}.AppStore|Any CPU.Build.0 = Release|Any CPU
		{3313E71A-C9AF-4A3F-8603-17B5AEAD213D}.AppStore|Any CPU.Deploy.0 = Release|Any CPU
		{3313E71A-C9AF-4A3F-8603-17B5AEAD213D}.AppStore|ARM.ActiveCfg = Release|ARM
		{3313E71A-C9AF-4A3F-8603-17B5AEAD213D}.AppStore|ARM.Build.0 = Release|ARM
		{3313E71A-C9AF-4A3F-8603-17B5AEAD213D}.AppStore|ARM.Deploy.0 = Release|ARM
		{3313E71A-C9AF-4A3F-8603-17B5AEAD213D}.AppStore|iPhone.ActiveCfg = Release|Any CPU
		{3313E71A-C9AF-4A3F-8603-17B5AEAD213D}.AppStore|iPhone.Build.0 = Release|Any CPU
		{3313E71A-C9AF-4A3F-8603-17B5AEAD213D}.AppStore|iPhone.Deploy.0 = Release|Any CPU
		{3313E71A-C9AF-4A3F-8603-17B5AEAD213D}.AppStore|iPhoneSimulator.ActiveCfg = Release|Any CPU
		{3313E71A-C9AF-4A3F-8603-17B5AEAD213D}.AppStore|iPhoneSimulator.Build.0 = Release|Any CPU
		{3313E71A-C9AF-4A3F-8603-17B5AEAD213D}.AppStore|iPhoneSimulator.Deploy.0 = Release|Any CPU
		{3313E71A-C9AF-4A3F-8603-17B5AEAD213D}.AppStore|x64.ActiveCfg = Release|Any CPU
		{3313E71A-C9AF-4A3F-8603-17B5AEAD213D}.AppStore|x64.Build.0 = Release|Any CPU
		{3313E71A-C9AF-4A3F-8603-17B5AEAD213D}.AppStore|x64.Deploy.0 = Release|Any CPU
		{3313E71A-C9AF-4A3F-8603-17B5AEAD213D}.AppStore|x86.ActiveCfg = Release|x86
		{3313E71A-C9AF-4A3F-8603-17B5AEAD213D}.AppStore|x86.Build.0 = Release|x86
		{3313E71A-C9AF-4A3F-8603-17B5AEAD213D}.AppStore|x86.Deploy.0 = Release|x86
		{3313E71A-C9AF-4A3F-8603-17B5AEAD213D}.Debug|Any CPU.ActiveCfg = Debug|Any CPU
		{3313E71A-C9AF-4A3F-8603-17B5AEAD213D}.Debug|Any CPU.Build.0 = Debug|Any CPU
		{3313E71A-C9AF-4A3F-8603-17B5AEAD213D}.Debug|Any CPU.Deploy.0 = Debug|Any CPU
		{3313E71A-C9AF-4A3F-8603-17B5AEAD213D}.Debug|ARM.ActiveCfg = Debug|ARM
		{3313E71A-C9AF-4A3F-8603-17B5AEAD213D}.Debug|ARM.Build.0 = Debug|ARM
		{3313E71A-C9AF-4A3F-8603-17B5AEAD213D}.Debug|ARM.Deploy.0 = Debug|ARM
		{3313E71A-C9AF-4A3F-8603-17B5AEAD213D}.Debug|iPhone.ActiveCfg = Debug|Any CPU
		{3313E71A-C9AF-4A3F-8603-17B5AEAD213D}.Debug|iPhone.Build.0 = Debug|Any CPU
		{3313E71A-C9AF-4A3F-8603-17B5AEAD213D}.Debug|iPhone.Deploy.0 = Debug|Any CPU
		{3313E71A-C9AF-4A3F-8603-17B5AEAD213D}.Debug|iPhoneSimulator.ActiveCfg = Debug|Any CPU
		{3313E71A-C9AF-4A3F-8603-17B5AEAD213D}.Debug|iPhoneSimulator.Build.0 = Debug|Any CPU
		{3313E71A-C9AF-4A3F-8603-17B5AEAD213D}.Debug|iPhoneSimulator.Deploy.0 = Debug|Any CPU
		{3313E71A-C9AF-4A3F-8603-17B5AEAD213D}.Debug|x64.ActiveCfg = Debug|Any CPU
		{3313E71A-C9AF-4A3F-8603-17B5AEAD213D}.Debug|x64.Build.0 = Debug|Any CPU
		{3313E71A-C9AF-4A3F-8603-17B5AEAD213D}.Debug|x64.Deploy.0 = Debug|Any CPU
		{3313E71A-C9AF-4A3F-8603-17B5AEAD213D}.Debug|x86.ActiveCfg = Debug|x86
		{3313E71A-C9AF-4A3F-8603-17B5AEAD213D}.Debug|x86.Build.0 = Debug|x86
		{3313E71A-C9AF-4A3F-8603-17B5AEAD213D}.Debug|x86.Deploy.0 = Debug|x86
		{3313E71A-C9AF-4A3F-8603-17B5AEAD213D}.Release|Any CPU.ActiveCfg = Release|Any CPU
		{3313E71A-C9AF-4A3F-8603-17B5AEAD213D}.Release|Any CPU.Build.0 = Release|Any CPU
		{3313E71A-C9AF-4A3F-8603-17B5AEAD213D}.Release|Any CPU.Deploy.0 = Release|Any CPU
		{3313E71A-C9AF-4A3F-8603-17B5AEAD213D}.Release|ARM.ActiveCfg = Release|ARM
		{3313E71A-C9AF-4A3F-8603-17B5AEAD213D}.Release|ARM.Build.0 = Release|ARM
		{3313E71A-C9AF-4A3F-8603-17B5AEAD213D}.Release|ARM.Deploy.0 = Release|ARM
		{3313E71A-C9AF-4A3F-8603-17B5AEAD213D}.Release|iPhone.ActiveCfg = Release|Any CPU
		{3313E71A-C9AF-4A3F-8603-17B5AEAD213D}.Release|iPhone.Build.0 = Release|Any CPU
		{3313E71A-C9AF-4A3F-8603-17B5AEAD213D}.Release|iPhone.Deploy.0 = Release|Any CPU
		{3313E71A-C9AF-4A3F-8603-17B5AEAD213D}.Release|iPhoneSimulator.ActiveCfg = Release|Any CPU
		{3313E71A-C9AF-4A3F-8603-17B5AEAD213D}.Release|iPhoneSimulator.Build.0 = Release|Any CPU
		{3313E71A-C9AF-4A3F-8603-17B5AEAD213D}.Release|iPhoneSimulator.Deploy.0 = Release|Any CPU
		{3313E71A-C9AF-4A3F-8603-17B5AEAD213D}.Release|x64.ActiveCfg = Release|Any CPU
		{3313E71A-C9AF-4A3F-8603-17B5AEAD213D}.Release|x64.Build.0 = Release|Any CPU
		{3313E71A-C9AF-4A3F-8603-17B5AEAD213D}.Release|x64.Deploy.0 = Release|Any CPU
		{3313E71A-C9AF-4A3F-8603-17B5AEAD213D}.Release|x86.ActiveCfg = Release|x86
		{3313E71A-C9AF-4A3F-8603-17B5AEAD213D}.Release|x86.Build.0 = Release|x86
		{3313E71A-C9AF-4A3F-8603-17B5AEAD213D}.Release|x86.Deploy.0 = Release|x86
		{D071F572-536D-4C3A-BA07-BDEBFBF9C501}.Ad-Hoc|Any CPU.ActiveCfg = Release|Any CPU
		{D071F572-536D-4C3A-BA07-BDEBFBF9C501}.Ad-Hoc|Any CPU.Build.0 = Release|Any CPU
		{D071F572-536D-4C3A-BA07-BDEBFBF9C501}.Ad-Hoc|Any CPU.Deploy.0 = Release|Any CPU
		{D071F572-536D-4C3A-BA07-BDEBFBF9C501}.Ad-Hoc|ARM.ActiveCfg = Release|ARM
		{D071F572-536D-4C3A-BA07-BDEBFBF9C501}.Ad-Hoc|ARM.Build.0 = Release|ARM
		{D071F572-536D-4C3A-BA07-BDEBFBF9C501}.Ad-Hoc|ARM.Deploy.0 = Release|ARM
		{D071F572-536D-4C3A-BA07-BDEBFBF9C501}.Ad-Hoc|iPhone.ActiveCfg = Release|Any CPU
		{D071F572-536D-4C3A-BA07-BDEBFBF9C501}.Ad-Hoc|iPhone.Build.0 = Release|Any CPU
		{D071F572-536D-4C3A-BA07-BDEBFBF9C501}.Ad-Hoc|iPhone.Deploy.0 = Release|Any CPU
		{D071F572-536D-4C3A-BA07-BDEBFBF9C501}.Ad-Hoc|iPhoneSimulator.ActiveCfg = Release|Any CPU
		{D071F572-536D-4C3A-BA07-BDEBFBF9C501}.Ad-Hoc|iPhoneSimulator.Build.0 = Release|Any CPU
		{D071F572-536D-4C3A-BA07-BDEBFBF9C501}.Ad-Hoc|iPhoneSimulator.Deploy.0 = Release|Any CPU
		{D071F572-536D-4C3A-BA07-BDEBFBF9C501}.Ad-Hoc|x64.ActiveCfg = Release|x64
		{D071F572-536D-4C3A-BA07-BDEBFBF9C501}.Ad-Hoc|x64.Build.0 = Release|x64
		{D071F572-536D-4C3A-BA07-BDEBFBF9C501}.Ad-Hoc|x64.Deploy.0 = Release|x64
		{D071F572-536D-4C3A-BA07-BDEBFBF9C501}.Ad-Hoc|x86.ActiveCfg = Release|x86
		{D071F572-536D-4C3A-BA07-BDEBFBF9C501}.Ad-Hoc|x86.Build.0 = Release|x86
		{D071F572-536D-4C3A-BA07-BDEBFBF9C501}.Ad-Hoc|x86.Deploy.0 = Release|x86
		{D071F572-536D-4C3A-BA07-BDEBFBF9C501}.AppStore|Any CPU.ActiveCfg = Release|Any CPU
		{D071F572-536D-4C3A-BA07-BDEBFBF9C501}.AppStore|Any CPU.Build.0 = Release|Any CPU
		{D071F572-536D-4C3A-BA07-BDEBFBF9C501}.AppStore|Any CPU.Deploy.0 = Release|Any CPU
		{D071F572-536D-4C3A-BA07-BDEBFBF9C501}.AppStore|ARM.ActiveCfg = Release|ARM
		{D071F572-536D-4C3A-BA07-BDEBFBF9C501}.AppStore|ARM.Build.0 = Release|ARM
		{D071F572-536D-4C3A-BA07-BDEBFBF9C501}.AppStore|ARM.Deploy.0 = Release|ARM
		{D071F572-536D-4C3A-BA07-BDEBFBF9C501}.AppStore|iPhone.ActiveCfg = Release|Any CPU
		{D071F572-536D-4C3A-BA07-BDEBFBF9C501}.AppStore|iPhone.Build.0 = Release|Any CPU
		{D071F572-536D-4C3A-BA07-BDEBFBF9C501}.AppStore|iPhone.Deploy.0 = Release|Any CPU
		{D071F572-536D-4C3A-BA07-BDEBFBF9C501}.AppStore|iPhoneSimulator.ActiveCfg = Release|Any CPU
		{D071F572-536D-4C3A-BA07-BDEBFBF9C501}.AppStore|iPhoneSimulator.Build.0 = Release|Any CPU
		{D071F572-536D-4C3A-BA07-BDEBFBF9C501}.AppStore|iPhoneSimulator.Deploy.0 = Release|Any CPU
		{D071F572-536D-4C3A-BA07-BDEBFBF9C501}.AppStore|x64.ActiveCfg = Release|x64
		{D071F572-536D-4C3A-BA07-BDEBFBF9C501}.AppStore|x64.Build.0 = Release|x64
		{D071F572-536D-4C3A-BA07-BDEBFBF9C501}.AppStore|x64.Deploy.0 = Release|x64
		{D071F572-536D-4C3A-BA07-BDEBFBF9C501}.AppStore|x86.ActiveCfg = Release|x86
		{D071F572-536D-4C3A-BA07-BDEBFBF9C501}.AppStore|x86.Build.0 = Release|x86
		{D071F572-536D-4C3A-BA07-BDEBFBF9C501}.AppStore|x86.Deploy.0 = Release|x86
		{D071F572-536D-4C3A-BA07-BDEBFBF9C501}.Debug|Any CPU.ActiveCfg = Debug|Any CPU
		{D071F572-536D-4C3A-BA07-BDEBFBF9C501}.Debug|Any CPU.Build.0 = Debug|Any CPU
		{D071F572-536D-4C3A-BA07-BDEBFBF9C501}.Debug|Any CPU.Deploy.0 = Debug|Any CPU
		{D071F572-536D-4C3A-BA07-BDEBFBF9C501}.Debug|ARM.ActiveCfg = Debug|ARM
		{D071F572-536D-4C3A-BA07-BDEBFBF9C501}.Debug|ARM.Build.0 = Debug|ARM
		{D071F572-536D-4C3A-BA07-BDEBFBF9C501}.Debug|ARM.Deploy.0 = Debug|ARM
		{D071F572-536D-4C3A-BA07-BDEBFBF9C501}.Debug|iPhone.ActiveCfg = Debug|Any CPU
		{D071F572-536D-4C3A-BA07-BDEBFBF9C501}.Debug|iPhone.Build.0 = Debug|Any CPU
		{D071F572-536D-4C3A-BA07-BDEBFBF9C501}.Debug|iPhone.Deploy.0 = Debug|Any CPU
		{D071F572-536D-4C3A-BA07-BDEBFBF9C501}.Debug|iPhoneSimulator.ActiveCfg = Debug|Any CPU
		{D071F572-536D-4C3A-BA07-BDEBFBF9C501}.Debug|iPhoneSimulator.Build.0 = Debug|Any CPU
		{D071F572-536D-4C3A-BA07-BDEBFBF9C501}.Debug|iPhoneSimulator.Deploy.0 = Debug|Any CPU
		{D071F572-536D-4C3A-BA07-BDEBFBF9C501}.Debug|x64.ActiveCfg = Debug|x64
		{D071F572-536D-4C3A-BA07-BDEBFBF9C501}.Debug|x64.Build.0 = Debug|x64
		{D071F572-536D-4C3A-BA07-BDEBFBF9C501}.Debug|x64.Deploy.0 = Debug|x64
		{D071F572-536D-4C3A-BA07-BDEBFBF9C501}.Debug|x86.ActiveCfg = Debug|x86
		{D071F572-536D-4C3A-BA07-BDEBFBF9C501}.Debug|x86.Build.0 = Debug|x86
		{D071F572-536D-4C3A-BA07-BDEBFBF9C501}.Debug|x86.Deploy.0 = Debug|x86
		{D071F572-536D-4C3A-BA07-BDEBFBF9C501}.Release|Any CPU.ActiveCfg = Release|Any CPU
		{D071F572-536D-4C3A-BA07-BDEBFBF9C501}.Release|Any CPU.Build.0 = Release|Any CPU
		{D071F572-536D-4C3A-BA07-BDEBFBF9C501}.Release|Any CPU.Deploy.0 = Release|Any CPU
		{D071F572-536D-4C3A-BA07-BDEBFBF9C501}.Release|ARM.ActiveCfg = Release|ARM
		{D071F572-536D-4C3A-BA07-BDEBFBF9C501}.Release|ARM.Build.0 = Release|ARM
		{D071F572-536D-4C3A-BA07-BDEBFBF9C501}.Release|ARM.Deploy.0 = Release|ARM
		{D071F572-536D-4C3A-BA07-BDEBFBF9C501}.Release|iPhone.ActiveCfg = Release|Any CPU
		{D071F572-536D-4C3A-BA07-BDEBFBF9C501}.Release|iPhone.Build.0 = Release|Any CPU
		{D071F572-536D-4C3A-BA07-BDEBFBF9C501}.Release|iPhone.Deploy.0 = Release|Any CPU
		{D071F572-536D-4C3A-BA07-BDEBFBF9C501}.Release|iPhoneSimulator.ActiveCfg = Release|Any CPU
		{D071F572-536D-4C3A-BA07-BDEBFBF9C501}.Release|iPhoneSimulator.Build.0 = Release|Any CPU
		{D071F572-536D-4C3A-BA07-BDEBFBF9C501}.Release|iPhoneSimulator.Deploy.0 = Release|Any CPU
		{D071F572-536D-4C3A-BA07-BDEBFBF9C501}.Release|x64.ActiveCfg = Release|x64
		{D071F572-536D-4C3A-BA07-BDEBFBF9C501}.Release|x64.Build.0 = Release|x64
		{D071F572-536D-4C3A-BA07-BDEBFBF9C501}.Release|x64.Deploy.0 = Release|x64
		{D071F572-536D-4C3A-BA07-BDEBFBF9C501}.Release|x86.ActiveCfg = Release|x86
		{D071F572-536D-4C3A-BA07-BDEBFBF9C501}.Release|x86.Build.0 = Release|x86
		{D071F572-536D-4C3A-BA07-BDEBFBF9C501}.Release|x86.Deploy.0 = Release|x86
		{67F9D3A8-F71E-4428-913F-C37AE82CDB24}.Ad-Hoc|Any CPU.ActiveCfg = Release|Any CPU
		{67F9D3A8-F71E-4428-913F-C37AE82CDB24}.Ad-Hoc|Any CPU.Build.0 = Release|Any CPU
		{67F9D3A8-F71E-4428-913F-C37AE82CDB24}.Ad-Hoc|ARM.ActiveCfg = Release|Any CPU
		{67F9D3A8-F71E-4428-913F-C37AE82CDB24}.Ad-Hoc|ARM.Build.0 = Release|Any CPU
		{67F9D3A8-F71E-4428-913F-C37AE82CDB24}.Ad-Hoc|iPhone.ActiveCfg = Release|Any CPU
		{67F9D3A8-F71E-4428-913F-C37AE82CDB24}.Ad-Hoc|iPhone.Build.0 = Release|Any CPU
		{67F9D3A8-F71E-4428-913F-C37AE82CDB24}.Ad-Hoc|iPhoneSimulator.ActiveCfg = Release|Any CPU
		{67F9D3A8-F71E-4428-913F-C37AE82CDB24}.Ad-Hoc|iPhoneSimulator.Build.0 = Release|Any CPU
		{67F9D3A8-F71E-4428-913F-C37AE82CDB24}.Ad-Hoc|x64.ActiveCfg = Release|Any CPU
		{67F9D3A8-F71E-4428-913F-C37AE82CDB24}.Ad-Hoc|x64.Build.0 = Release|Any CPU
		{67F9D3A8-F71E-4428-913F-C37AE82CDB24}.Ad-Hoc|x86.ActiveCfg = Release|Any CPU
		{67F9D3A8-F71E-4428-913F-C37AE82CDB24}.Ad-Hoc|x86.Build.0 = Release|Any CPU
		{67F9D3A8-F71E-4428-913F-C37AE82CDB24}.AppStore|Any CPU.ActiveCfg = Release|Any CPU
		{67F9D3A8-F71E-4428-913F-C37AE82CDB24}.AppStore|Any CPU.Build.0 = Release|Any CPU
		{67F9D3A8-F71E-4428-913F-C37AE82CDB24}.AppStore|ARM.ActiveCfg = Release|Any CPU
		{67F9D3A8-F71E-4428-913F-C37AE82CDB24}.AppStore|ARM.Build.0 = Release|Any CPU
		{67F9D3A8-F71E-4428-913F-C37AE82CDB24}.AppStore|iPhone.ActiveCfg = Release|Any CPU
		{67F9D3A8-F71E-4428-913F-C37AE82CDB24}.AppStore|iPhone.Build.0 = Release|Any CPU
		{67F9D3A8-F71E-4428-913F-C37AE82CDB24}.AppStore|iPhoneSimulator.ActiveCfg = Release|Any CPU
		{67F9D3A8-F71E-4428-913F-C37AE82CDB24}.AppStore|iPhoneSimulator.Build.0 = Release|Any CPU
		{67F9D3A8-F71E-4428-913F-C37AE82CDB24}.AppStore|x64.ActiveCfg = Release|Any CPU
		{67F9D3A8-F71E-4428-913F-C37AE82CDB24}.AppStore|x64.Build.0 = Release|Any CPU
		{67F9D3A8-F71E-4428-913F-C37AE82CDB24}.AppStore|x86.ActiveCfg = Release|Any CPU
		{67F9D3A8-F71E-4428-913F-C37AE82CDB24}.AppStore|x86.Build.0 = Release|Any CPU
		{67F9D3A8-F71E-4428-913F-C37AE82CDB24}.Debug|Any CPU.ActiveCfg = Debug|Any CPU
		{67F9D3A8-F71E-4428-913F-C37AE82CDB24}.Debug|Any CPU.Build.0 = Debug|Any CPU
		{67F9D3A8-F71E-4428-913F-C37AE82CDB24}.Debug|ARM.ActiveCfg = Debug|Any CPU
		{67F9D3A8-F71E-4428-913F-C37AE82CDB24}.Debug|ARM.Build.0 = Debug|Any CPU
		{67F9D3A8-F71E-4428-913F-C37AE82CDB24}.Debug|iPhone.ActiveCfg = Debug|Any CPU
		{67F9D3A8-F71E-4428-913F-C37AE82CDB24}.Debug|iPhone.Build.0 = Debug|Any CPU
		{67F9D3A8-F71E-4428-913F-C37AE82CDB24}.Debug|iPhoneSimulator.ActiveCfg = Debug|Any CPU
		{67F9D3A8-F71E-4428-913F-C37AE82CDB24}.Debug|iPhoneSimulator.Build.0 = Debug|Any CPU
		{67F9D3A8-F71E-4428-913F-C37AE82CDB24}.Debug|x64.ActiveCfg = Debug|Any CPU
		{67F9D3A8-F71E-4428-913F-C37AE82CDB24}.Debug|x64.Build.0 = Debug|Any CPU
		{67F9D3A8-F71E-4428-913F-C37AE82CDB24}.Debug|x86.ActiveCfg = Debug|Any CPU
		{67F9D3A8-F71E-4428-913F-C37AE82CDB24}.Debug|x86.Build.0 = Debug|Any CPU
		{67F9D3A8-F71E-4428-913F-C37AE82CDB24}.Release|Any CPU.ActiveCfg = Release|Any CPU
		{67F9D3A8-F71E-4428-913F-C37AE82CDB24}.Release|Any CPU.Build.0 = Release|Any CPU
		{67F9D3A8-F71E-4428-913F-C37AE82CDB24}.Release|ARM.ActiveCfg = Release|Any CPU
		{67F9D3A8-F71E-4428-913F-C37AE82CDB24}.Release|ARM.Build.0 = Release|Any CPU
		{67F9D3A8-F71E-4428-913F-C37AE82CDB24}.Release|iPhone.ActiveCfg = Release|Any CPU
		{67F9D3A8-F71E-4428-913F-C37AE82CDB24}.Release|iPhone.Build.0 = Release|Any CPU
		{67F9D3A8-F71E-4428-913F-C37AE82CDB24}.Release|iPhoneSimulator.ActiveCfg = Release|Any CPU
		{67F9D3A8-F71E-4428-913F-C37AE82CDB24}.Release|iPhoneSimulator.Build.0 = Release|Any CPU
		{67F9D3A8-F71E-4428-913F-C37AE82CDB24}.Release|x64.ActiveCfg = Release|Any CPU
		{67F9D3A8-F71E-4428-913F-C37AE82CDB24}.Release|x64.Build.0 = Release|Any CPU
		{67F9D3A8-F71E-4428-913F-C37AE82CDB24}.Release|x86.ActiveCfg = Release|Any CPU
		{67F9D3A8-F71E-4428-913F-C37AE82CDB24}.Release|x86.Build.0 = Release|Any CPU
	EndGlobalSection
	GlobalSection(SolutionProperties) = preSolution
		HideSolutionNode = FALSE
	EndGlobalSection
EndGlobal
